
Microsoft Visual Studio Solution File, Format Version 12.00
# Visual Studio Version 17
VisualStudioVersion = 17.1.32319.34
MinimumVisualStudioVersion = 10.0.40219.1
Project("{FAE04EC0-301F-11D3-BF4B-00C04F79EFBC}") = "Beta2", "..\Beta2\Beta2.csproj", "{063CC9FD-1A6B-4CD3-ABD7-2628CB111ED8}"
EndProject
Project("{FAE04EC0-301F-11D3-BF4B-00C04F79EFBC}") = "TestApp2", "..\TestApp2\TestApp2.csproj", "{8DC73F50-0AD2-4426-AC51-D9BEF36BAF30}"
EndProject
Project("{FAE04EC0-301F-11D3-BF4B-00C04F79EFBC}") = "WebApp", "..\WebApp\WebApp.csproj", "{D5062CB9-E66C-48AA-ABA0-4AF5AEC675BD}"
EndProject
Global
	GlobalSection(SolutionConfigurationPlatforms) = preSolution
		Debug|Any CPU = Debug|Any CPU
		Release|Any CPU = Release|Any CPU
	EndGlobalSection
	GlobalSection(ProjectConfigurationPlatforms) = postSolution
		{063CC9FD-1A6B-4CD3-ABD7-2628CB111ED8}.Debug|Any CPU.ActiveCfg = Debug|Any CPU
		{063CC9FD-1A6B-4CD3-ABD7-2628CB111ED8}.Debug|Any CPU.Build.0 = Debug|Any CPU
		{063CC9FD-1A6B-4CD3-ABD7-2628CB111ED8}.Release|Any CPU.ActiveCfg = Release|Any CPU
		{063CC9FD-1A6B-4CD3-ABD7-2628CB111ED8}.Release|Any CPU.Build.0 = Release|Any CPU
		{8DC73F50-0AD2-4426-AC51-D9BEF36BAF30}.Debug|Any CPU.ActiveCfg = Debug|Any CPU
		{8DC73F50-0AD2-4426-AC51-D9BEF36BAF30}.Debug|Any CPU.Build.0 = Debug|Any CPU
		{8DC73F50-0AD2-4426-AC51-D9BEF36BAF30}.Release|Any CPU.ActiveCfg = Release|Any CPU
		{8DC73F50-0AD2-4426-AC51-D9BEF36BAF30}.Release|Any CPU.Build.0 = Release|Any CPU
		{D5062CB9-E66C-48AA-ABA0-4AF5AEC675BD}.Debug|Any CPU.ActiveCfg = Debug|Any CPU
		{D5062CB9-E66C-48AA-ABA0-4AF5AEC675BD}.Debug|Any CPU.Build.0 = Debug|Any CPU
		{D5062CB9-E66C-48AA-ABA0-4AF5AEC675BD}.Release|Any CPU.ActiveCfg = Release|Any CPU
		{D5062CB9-E66C-48AA-ABA0-4AF5AEC675BD}.Release|Any CPU.Build.0 = Release|Any CPU
	EndGlobalSection
	GlobalSection(SolutionProperties) = preSolution
		HideSolutionNode = FALSE
	EndGlobalSection
	GlobalSection(ExtensibilityGlobals) = postSolution
		SolutionGuid = {AA295502-40AA-495F-9C61-0C1B9CEA6A5D}
	EndGlobalSection
EndGlobal
